
Microsoft Visual Studio Solution File, Format Version 12.00
# Visual Studio Version 16
VisualStudioVersion = 16.0.30413.136
MinimumVisualStudioVersion = 10.0.40219.1
Project("{9A19103F-16F7-4668-BE54-9A1E7A4F7556}") = "eShopSolution.WebApp", "eShopSolution.WebApp\eShopSolution.WebApp.csproj", "{1E2B5D00-A8EE-4361-B6A4-EBEB99E23F31}"
EndProject
Project("{2150E333-8FDC-42A3-9474-1A3956D46DE8}") = "Solution Items", "Solution Items", "{269CA624-0A76-4AAB-B85A-0873EDDBBC8F}"
	ProjectSection(SolutionItems) = preProject
		Readme.md = Readme.md
	EndProjectSection
EndProject
Global
	GlobalSection(SolutionConfigurationPlatforms) = preSolution
		Debug|Any CPU = Debug|Any CPU
		Release|Any CPU = Release|Any CPU
	EndGlobalSection
	GlobalSection(ProjectConfigurationPlatforms) = postSolution
		{1E2B5D00-A8EE-4361-B6A4-EBEB99E23F31}.Debug|Any CPU.ActiveCfg = Debug|Any CPU
		{1E2B5D00-A8EE-4361-B6A4-EBEB99E23F31}.Debug|Any CPU.Build.0 = Debug|Any CPU
		{1E2B5D00-A8EE-4361-B6A4-EBEB99E23F31}.Release|Any CPU.ActiveCfg = Release|Any CPU
		{1E2B5D00-A8EE-4361-B6A4-EBEB99E23F31}.Release|Any CPU.Build.0 = Release|Any CPU
	EndGlobalSection
	GlobalSection(SolutionProperties) = preSolution
		HideSolutionNode = FALSE
	EndGlobalSection
	GlobalSection(ExtensibilityGlobals) = postSolution
		SolutionGuid = {DEC12267-243B-4757-BC58-B76321C08109}
	EndGlobalSection
EndGlobal
